
Microsoft Visual Studio Solution File, Format Version 12.00
# Visual Studio Version 17
VisualStudioVersion = 17.4.33213.308
MinimumVisualStudioVersion = 10.0.40219.1
Project("{FAE04EC0-301F-11D3-BF4B-00C04F79EFBC}") = "Sum of chars", "Sum of chars.csproj", "{63CD4FFA-81AA-4757-8545-5E4C93052DD2}"
EndProject
Global
	GlobalSection(SolutionConfigurationPlatforms) = preSolution
		Debug|Any CPU = Debug|Any CPU
		Release|Any CPU = Release|Any CPU
	EndGlobalSection
	GlobalSection(ProjectConfigurationPlatforms) = postSolution
		{63CD4FFA-81AA-4757-8545-5E4C93052DD2}.Debug|Any CPU.ActiveCfg = Debug|Any CPU
		{63CD4FFA-81AA-4757-8545-5E4C93052DD2}.Debug|Any CPU.Build.0 = Debug|Any CPU
		{63CD4FFA-81AA-4757-8545-5E4C93052DD2}.Release|Any CPU.ActiveCfg = Release|Any CPU
		{63CD4FFA-81AA-4757-8545-5E4C93052DD2}.Release|Any CPU.Build.0 = Release|Any CPU
	EndGlobalSection
	GlobalSection(SolutionProperties) = preSolution
		HideSolutionNode = FALSE
	EndGlobalSection
	GlobalSection(ExtensibilityGlobals) = postSolution
		SolutionGuid = {53F11E39-EAD1-4436-9CB1-100B350A3214}
	EndGlobalSection
EndGlobal
