
Microsoft Visual Studio Solution File, Format Version 12.00
# Visual Studio Version 17
VisualStudioVersion = 17.4.33213.308
MinimumVisualStudioVersion = 10.0.40219.1
Project("{FAE04EC0-301F-11D3-BF4B-00C04F79EFBC}") = "sum of digts", "sum of digts.csproj", "{29A41A3C-F268-44E4-89A6-62E4796CB5EA}"
EndProject
Global
	GlobalSection(SolutionConfigurationPlatforms) = preSolution
		Debug|Any CPU = Debug|Any CPU
		Release|Any CPU = Release|Any CPU
	EndGlobalSection
	GlobalSection(ProjectConfigurationPlatforms) = postSolution
		{29A41A3C-F268-44E4-89A6-62E4796CB5EA}.Debug|Any CPU.ActiveCfg = Debug|Any CPU
		{29A41A3C-F268-44E4-89A6-62E4796CB5EA}.Debug|Any CPU.Build.0 = Debug|Any CPU
		{29A41A3C-F268-44E4-89A6-62E4796CB5EA}.Release|Any CPU.ActiveCfg = Release|Any CPU
		{29A41A3C-F268-44E4-89A6-62E4796CB5EA}.Release|Any CPU.Build.0 = Release|Any CPU
	EndGlobalSection
	GlobalSection(SolutionProperties) = preSolution
		HideSolutionNode = FALSE
	EndGlobalSection
	GlobalSection(ExtensibilityGlobals) = postSolution
		SolutionGuid = {9903C830-D5A1-43A9-AD51-3D56D01747B2}
	EndGlobalSection
EndGlobal
