
Microsoft Visual Studio Solution File, Format Version 12.00
# Visual Studio Version 17
VisualStudioVersion = 17.4.33213.308
MinimumVisualStudioVersion = 10.0.40219.1
Project("{FAE04EC0-301F-11D3-BF4B-00C04F79EFBC}") = "Hangman 11", "Hangman 11.csproj", "{06E6401F-8AE1-4F43-AB42-6DDF16F4BB08}"
EndProject
Global
	GlobalSection(SolutionConfigurationPlatforms) = preSolution
		Debug|Any CPU = Debug|Any CPU
		Release|Any CPU = Release|Any CPU
	EndGlobalSection
	GlobalSection(ProjectConfigurationPlatforms) = postSolution
		{06E6401F-8AE1-4F43-AB42-6DDF16F4BB08}.Debug|Any CPU.ActiveCfg = Debug|Any CPU
		{06E6401F-8AE1-4F43-AB42-6DDF16F4BB08}.Debug|Any CPU.Build.0 = Debug|Any CPU
		{06E6401F-8AE1-4F43-AB42-6DDF16F4BB08}.Release|Any CPU.ActiveCfg = Release|Any CPU
		{06E6401F-8AE1-4F43-AB42-6DDF16F4BB08}.Release|Any CPU.Build.0 = Release|Any CPU
	EndGlobalSection
	GlobalSection(SolutionProperties) = preSolution
		HideSolutionNode = FALSE
	EndGlobalSection
	GlobalSection(ExtensibilityGlobals) = postSolution
		SolutionGuid = {D5EBB8A3-B0D2-433A-9A31-7F1BD11C0A7A}
	EndGlobalSection
EndGlobal
