
Microsoft Visual Studio Solution File, Format Version 12.00
# Visual Studio Version 17
VisualStudioVersion = 17.4.33213.308
MinimumVisualStudioVersion = 10.0.40219.1
Project("{FAE04EC0-301F-11D3-BF4B-00C04F79EFBC}") = "03. Elevator", "03. Elevator.csproj", "{E63808DC-E65B-4317-B8D8-00CCB5B85C92}"
EndProject
Global
	GlobalSection(SolutionConfigurationPlatforms) = preSolution
		Debug|Any CPU = Debug|Any CPU
		Release|Any CPU = Release|Any CPU
	EndGlobalSection
	GlobalSection(ProjectConfigurationPlatforms) = postSolution
		{E63808DC-E65B-4317-B8D8-00CCB5B85C92}.Debug|Any CPU.ActiveCfg = Debug|Any CPU
		{E63808DC-E65B-4317-B8D8-00CCB5B85C92}.Debug|Any CPU.Build.0 = Debug|Any CPU
		{E63808DC-E65B-4317-B8D8-00CCB5B85C92}.Release|Any CPU.ActiveCfg = Release|Any CPU
		{E63808DC-E65B-4317-B8D8-00CCB5B85C92}.Release|Any CPU.Build.0 = Release|Any CPU
	EndGlobalSection
	GlobalSection(SolutionProperties) = preSolution
		HideSolutionNode = FALSE
	EndGlobalSection
	GlobalSection(ExtensibilityGlobals) = postSolution
		SolutionGuid = {37D68102-958A-403C-945D-0AE3B7BBA8C6}
	EndGlobalSection
EndGlobal
