
Microsoft Visual Studio Solution File, Format Version 12.00
# Visual Studio Version 17
VisualStudioVersion = 17.4.33213.308
MinimumVisualStudioVersion = 10.0.40219.1
Project("{FAE04EC0-301F-11D3-BF4B-00C04F79EFBC}") = "Hangman", "Hangman.csproj", "{88942299-3E38-4579-A50F-C3A0BED72AF2}"
EndProject
Global
	GlobalSection(SolutionConfigurationPlatforms) = preSolution
		Debug|Any CPU = Debug|Any CPU
		Release|Any CPU = Release|Any CPU
	EndGlobalSection
	GlobalSection(ProjectConfigurationPlatforms) = postSolution
		{88942299-3E38-4579-A50F-C3A0BED72AF2}.Debug|Any CPU.ActiveCfg = Debug|Any CPU
		{88942299-3E38-4579-A50F-C3A0BED72AF2}.Debug|Any CPU.Build.0 = Debug|Any CPU
		{88942299-3E38-4579-A50F-C3A0BED72AF2}.Release|Any CPU.ActiveCfg = Release|Any CPU
		{88942299-3E38-4579-A50F-C3A0BED72AF2}.Release|Any CPU.Build.0 = Release|Any CPU
	EndGlobalSection
	GlobalSection(SolutionProperties) = preSolution
		HideSolutionNode = FALSE
	EndGlobalSection
	GlobalSection(ExtensibilityGlobals) = postSolution
		SolutionGuid = {01C55CC7-5639-4071-B33F-1FB160945E56}
	EndGlobalSection
EndGlobal
